
Microsoft Visual Studio Solution File, Format Version 12.00
# Visual Studio 15
VisualStudioVersion = 15.0.28010.2048
MinimumVisualStudioVersion = 10.0.40219.1
Project("{8BC9CEB8-8B4A-11D0-8D11-00A0C91BC942}") = "lvgl", "lvgl.vcxproj", "{DF813C1F-C67D-4D1E-8DBB-02B9BACB8FBA}"
EndProject
Global
	GlobalSection(SolutionConfigurationPlatforms) = preSolution
		Debug|x64 = Debug|x64
		Debug|x86 = Debug|x86
		Release|x64 = Release|x64
		Release|x86 = Release|x86
	EndGlobalSection
	GlobalSection(ProjectConfigurationPlatforms) = postSolution
		{DF813C1F-C67D-4D1E-8DBB-02B9BACB8FBA}.Debug|x64.ActiveCfg = Debug|x64
		{DF813C1F-C67D-4D1E-8DBB-02B9BACB8FBA}.Debug|x64.Build.0 = Debug|x64
		{DF813C1F-C67D-4D1E-8DBB-02B9BACB8FBA}.Debug|x86.ActiveCfg = Debug|Win32
		{DF813C1F-C67D-4D1E-8DBB-02B9BACB8FBA}.Debug|x86.Build.0 = Debug|Win32
		{DF813C1F-C67D-4D1E-8DBB-02B9BACB8FBA}.Release|x64.ActiveCfg = Release|x64
		{DF813C1F-C67D-4D1E-8DBB-02B9BACB8FBA}.Release|x64.Build.0 = Release|x64
		{DF813C1F-C67D-4D1E-8DBB-02B9BACB8FBA}.Release|x86.ActiveCfg = Release|Win32
		{DF813C1F-C67D-4D1E-8DBB-02B9BACB8FBA}.Release|x86.Build.0 = Release|Win32
	EndGlobalSection
	GlobalSection(SolutionProperties) = preSolution
		HideSolutionNode = FALSE
	EndGlobalSection
	GlobalSection(ExtensibilityGlobals) = postSolution
		SolutionGuid = {41D196D6-3217-4C47-8108-12C09E9C7403}
	EndGlobalSection
EndGlobal
